
Microsoft Visual Studio Solution File, Format Version 12.00
# Visual Studio Version 17
VisualStudioVersion = 17.8.34525.116
MinimumVisualStudioVersion = 10.0.40219.1
Project("{FAE04EC0-301F-11D3-BF4B-00C04F79EFBC}") = "CoffeeFinder", "CoffeeFinder.csproj", "{94E688F2-E330-4C7B-9220-B246375C46CF}"
EndProject
Global
	GlobalSection(SolutionConfigurationPlatforms) = preSolution
		Debug|Any CPU = Debug|Any CPU
		Release|Any CPU = Release|Any CPU
	EndGlobalSection
	GlobalSection(ProjectConfigurationPlatforms) = postSolution
		{94E688F2-E330-4C7B-9220-B246375C46CF}.Debug|Any CPU.ActiveCfg = Debug|Any CPU
		{94E688F2-E330-4C7B-9220-B246375C46CF}.Debug|Any CPU.Build.0 = Debug|Any CPU
		{94E688F2-E330-4C7B-9220-B246375C46CF}.Release|Any CPU.ActiveCfg = Release|Any CPU
		{94E688F2-E330-4C7B-9220-B246375C46CF}.Release|Any CPU.Build.0 = Release|Any CPU
	EndGlobalSection
	GlobalSection(SolutionProperties) = preSolution
		HideSolutionNode = FALSE
	EndGlobalSection
	GlobalSection(ExtensibilityGlobals) = postSolution
		SolutionGuid = {8DEB4802-2AF0-4607-AC97-835FFDE40FCF}
	EndGlobalSection
EndGlobal
